
Microsoft Visual Studio Solution File, Format Version 12.00
# Visual Studio Version 17
VisualStudioVersion = 17.6.33829.357
MinimumVisualStudioVersion = 10.0.40219.1
Project("{FAE04EC0-301F-11D3-BF4B-00C04F79EFBC}") = "TPFinalC#Nivel3", "TPFinalC#Nivel3\TPFinalC#Nivel3.csproj", "{243530A7-A49A-4837-8052-260FA8C4DDF4}"
EndProject
Project("{FAE04EC0-301F-11D3-BF4B-00C04F79EFBC}") = "Dominio", "Dominio\Dominio.csproj", "{3A64746C-76CF-4027-96A5-6E7B36CF68B5}"
EndProject
Project("{FAE04EC0-301F-11D3-BF4B-00C04F79EFBC}") = "Negocio", "Negocio\Negocio.csproj", "{06DF721C-B1BA-4B20-90A9-6DF9E7C7B1E1}"
EndProject
Global
	GlobalSection(SolutionConfigurationPlatforms) = preSolution
		Debug|Any CPU = Debug|Any CPU
		Release|Any CPU = Release|Any CPU
	EndGlobalSection
	GlobalSection(ProjectConfigurationPlatforms) = postSolution
		{243530A7-A49A-4837-8052-260FA8C4DDF4}.Debug|Any CPU.ActiveCfg = Debug|Any CPU
		{243530A7-A49A-4837-8052-260FA8C4DDF4}.Debug|Any CPU.Build.0 = Debug|Any CPU
		{243530A7-A49A-4837-8052-260FA8C4DDF4}.Release|Any CPU.ActiveCfg = Release|Any CPU
		{243530A7-A49A-4837-8052-260FA8C4DDF4}.Release|Any CPU.Build.0 = Release|Any CPU
		{3A64746C-76CF-4027-96A5-6E7B36CF68B5}.Debug|Any CPU.ActiveCfg = Debug|Any CPU
		{3A64746C-76CF-4027-96A5-6E7B36CF68B5}.Debug|Any CPU.Build.0 = Debug|Any CPU
		{3A64746C-76CF-4027-96A5-6E7B36CF68B5}.Release|Any CPU.ActiveCfg = Release|Any CPU
		{3A64746C-76CF-4027-96A5-6E7B36CF68B5}.Release|Any CPU.Build.0 = Release|Any CPU
		{06DF721C-B1BA-4B20-90A9-6DF9E7C7B1E1}.Debug|Any CPU.ActiveCfg = Debug|Any CPU
		{06DF721C-B1BA-4B20-90A9-6DF9E7C7B1E1}.Debug|Any CPU.Build.0 = Debug|Any CPU
		{06DF721C-B1BA-4B20-90A9-6DF9E7C7B1E1}.Release|Any CPU.ActiveCfg = Release|Any CPU
		{06DF721C-B1BA-4B20-90A9-6DF9E7C7B1E1}.Release|Any CPU.Build.0 = Release|Any CPU
	EndGlobalSection
	GlobalSection(SolutionProperties) = preSolution
		HideSolutionNode = FALSE
	EndGlobalSection
	GlobalSection(ExtensibilityGlobals) = postSolution
		SolutionGuid = {51E999AA-A2CF-4791-A91F-8DF9A19EA56D}
	EndGlobalSection
EndGlobal
